
Microsoft Visual Studio Solution File, Format Version 12.00
# Visual Studio Version 16
VisualStudioVersion = 16.0.31321.278
MinimumVisualStudioVersion = 10.0.40219.1
Project("{8BC9CEB8-8B4A-11D0-8D11-00A0C91BC942}") = "Project32", "Project32\Project32.vcxproj", "{989C6901-3EAF-4930-840B-D7639F81E730}"
EndProject
Global
	GlobalSection(SolutionConfigurationPlatforms) = preSolution
		Debug|x64 = Debug|x64
		Debug|x86 = Debug|x86
		Release|x64 = Release|x64
		Release|x86 = Release|x86
	EndGlobalSection
	GlobalSection(ProjectConfigurationPlatforms) = postSolution
		{989C6901-3EAF-4930-840B-D7639F81E730}.Debug|x64.ActiveCfg = Debug|x64
		{989C6901-3EAF-4930-840B-D7639F81E730}.Debug|x64.Build.0 = Debug|x64
		{989C6901-3EAF-4930-840B-D7639F81E730}.Debug|x86.ActiveCfg = Debug|Win32
		{989C6901-3EAF-4930-840B-D7639F81E730}.Debug|x86.Build.0 = Debug|Win32
		{989C6901-3EAF-4930-840B-D7639F81E730}.Release|x64.ActiveCfg = Release|x64
		{989C6901-3EAF-4930-840B-D7639F81E730}.Release|x64.Build.0 = Release|x64
		{989C6901-3EAF-4930-840B-D7639F81E730}.Release|x86.ActiveCfg = Release|Win32
		{989C6901-3EAF-4930-840B-D7639F81E730}.Release|x86.Build.0 = Release|Win32
	EndGlobalSection
	GlobalSection(SolutionProperties) = preSolution
		HideSolutionNode = FALSE
	EndGlobalSection
	GlobalSection(ExtensibilityGlobals) = postSolution
		SolutionGuid = {F461C574-3E05-4585-984C-590822A43F51}
	EndGlobalSection
EndGlobal
